// !$*UTF8*$!
{
	archiveVersion = 1;
	classes = {
	};
	objectVersion = 46;
	objects = {

/* Begin PBXBuildFile section */
		6503932F1B60005600398DEA /* AppDelegate.swift in Sources */ = {isa = PBXBuildFile; fileRef = 6503932E1B60005600398DEA /* AppDelegate.swift */; };
		650393321B60005600398DEA /* LiteWait.xcdatamodeld in Sources */ = {isa = PBXBuildFile; fileRef = 650393301B60005600398DEA /* LiteWait.xcdatamodeld */; };
		650393371B60005600398DEA /* Main.storyboard in Resources */ = {isa = PBXBuildFile; fileRef = 650393351B60005600398DEA /* Main.storyboard */; };
		650393391B60005600398DEA /* Images.xcassets in Resources */ = {isa = PBXBuildFile; fileRef = 650393381B60005600398DEA /* Images.xcassets */; };
		6503933C1B60005600398DEA /* LaunchScreen.xib in Resources */ = {isa = PBXBuildFile; fileRef = 6503933A1B60005600398DEA /* LaunchScreen.xib */; };
		650393481B60005600398DEA /* LiteWaitTests.swift in Sources */ = {isa = PBXBuildFile; fileRef = 650393471B60005600398DEA /* LiteWaitTests.swift */; };
		650393561B60094C00398DEA /* WaitlistViewController.swift in Sources */ = {isa = PBXBuildFile; fileRef = 650393551B60094C00398DEA /* WaitlistViewController.swift */; };
		650393581B600AC900398DEA /* WaitListTableViewCell.swift in Sources */ = {isa = PBXBuildFile; fileRef = 650393571B600AC900398DEA /* WaitListTableViewCell.swift */; };
		6503935A1B60384900398DEA /* EditEntryViewController.swift in Sources */ = {isa = PBXBuildFile; fileRef = 650393591B60384900398DEA /* EditEntryViewController.swift */; };
		658167AB1B62A2BD00E67D14 /* WaitlistEntry.swift in Sources */ = {isa = PBXBuildFile; fileRef = 658167AA1B62A2BD00E67D14 /* WaitlistEntry.swift */; };
		65A705711B617BE500406810 /* Waitlist.swift in Sources */ = {isa = PBXBuildFile; fileRef = 65A705701B617BE500406810 /* Waitlist.swift */; };
		65B9D7FD1B618D5F00F0F50E /* AddEntryViewController.swift in Sources */ = {isa = PBXBuildFile; fileRef = 65B9D7FC1B618D5F00F0F50E /* AddEntryViewController.swift */; };
/* End PBXBuildFile section */

/* Begin PBXContainerItemProxy section */
		650393421B60005600398DEA /* PBXContainerItemProxy */ = {
			isa = PBXContainerItemProxy;
			containerPortal = 650393211B60005600398DEA /* Project object */;
			proxyType = 1;
			remoteGlobalIDString = 650393281B60005600398DEA;
			remoteInfo = LiteWait;
		};
/* End PBXContainerItemProxy section */

/* Begin PBXFileReference section */
		650393291B60005600398DEA /* LiteWait.app */ = {isa = PBXFileReference; explicitFileType = wrapper.application; includeInIndex = 0; path = LiteWait.app; sourceTree = BUILT_PRODUCTS_DIR; };
		6503932D1B60005600398DEA /* Info.plist */ = {isa = PBXFileReference; lastKnownFileType = text.plist.xml; path = Info.plist; sourceTree = "<group>"; };
		6503932E1B60005600398DEA /* AppDelegate.swift */ = {isa = PBXFileReference; lastKnownFileType = sourcecode.swift; path = AppDelegate.swift; sourceTree = "<group>"; };
		650393311B60005600398DEA /* LiteWait.xcdatamodel */ = {isa = PBXFileReference; lastKnownFileType = wrapper.xcdatamodel; path = LiteWait.xcdatamodel; sourceTree = "<group>"; };
		650393361B60005600398DEA /* Base */ = {isa = PBXFileReference; lastKnownFileType = file.storyboard; name = Base; path = Base.lproj/Main.storyboard; sourceTree = "<group>"; };
		650393381B60005600398DEA /* Images.xcassets */ = {isa = PBXFileReference; lastKnownFileType = folder.assetcatalog; path = Images.xcassets; sourceTree = "<group>"; };
		6503933B1B60005600398DEA /* Base */ = {isa = PBXFileReference; lastKnownFileType = file.xib; name = Base; path = Base.lproj/LaunchScreen.xib; sourceTree = "<group>"; };
		650393411B60005600398DEA /* LiteWaitTests.xctest */ = {isa = PBXFileReference; explicitFileType = wrapper.cfbundle; includeInIndex = 0; path = LiteWaitTests.xctest; sourceTree = BUILT_PRODUCTS_DIR; };
		650393461B60005600398DEA /* Info.plist */ = {isa = PBXFileReference; lastKnownFileType = text.plist.xml; path = Info.plist; sourceTree = "<group>"; };
		650393471B60005600398DEA /* LiteWaitTests.swift */ = {isa = PBXFileReference; lastKnownFileType = sourcecode.swift; path = LiteWaitTests.swift; sourceTree = "<group>"; };
		650393551B60094C00398DEA /* WaitlistViewController.swift */ = {isa = PBXFileReference; fileEncoding = 4; lastKnownFileType = sourcecode.swift; path = WaitlistViewController.swift; sourceTree = "<group>"; };
		650393571B600AC900398DEA /* WaitListTableViewCell.swift */ = {isa = PBXFileReference; fileEncoding = 4; lastKnownFileType = sourcecode.swift; path = WaitListTableViewCell.swift; sourceTree = "<group>"; };
		650393591B60384900398DEA /* EditEntryViewController.swift */ = {isa = PBXFileReference; fileEncoding = 4; lastKnownFileType = sourcecode.swift; path = EditEntryViewController.swift; sourceTree = "<group>"; };
		658167AA1B62A2BD00E67D14 /* WaitlistEntry.swift */ = {isa = PBXFileReference; fileEncoding = 4; lastKnownFileType = sourcecode.swift; path = WaitlistEntry.swift; sourceTree = "<group>"; };
		65A705701B617BE500406810 /* Waitlist.swift */ = {isa = PBXFileReference; fileEncoding = 4; lastKnownFileType = sourcecode.swift; path = Waitlist.swift; sourceTree = "<group>"; };
		65B9D7FC1B618D5F00F0F50E /* AddEntryViewController.swift */ = {isa = PBXFileReference; fileEncoding = 4; lastKnownFileType = sourcecode.swift; path = AddEntryViewController.swift; sourceTree = "<group>"; };
/* End PBXFileReference section */

/* Begin PBXFrameworksBuildPhase section */
		650393261B60005600398DEA /* Frameworks */ = {
			isa = PBXFrameworksBuildPhase;
			buildActionMask = 2147483647;
			files = (
			);
			runOnlyForDeploymentPostprocessing = 0;
		};
		6503933E1B60005600398DEA /* Frameworks */ = {
			isa = PBXFrameworksBuildPhase;
			buildActionMask = 2147483647;
			files = (
			);
			runOnlyForDeploymentPostprocessing = 0;
		};
/* End PBXFrameworksBuildPhase section */

/* Begin PBXGroup section */
		650393201B60005600398DEA = {
			isa = PBXGroup;
			children = (
				6503932B1B60005600398DEA /* LiteWait */,
				650393441B60005600398DEA /* LiteWaitTests */,
				6503932A1B60005600398DEA /* Products */,
			);
			sourceTree = "<group>";
		};
		6503932A1B60005600398DEA /* Products */ = {
			isa = PBXGroup;
			children = (
				650393291B60005600398DEA /* LiteWait.app */,
				650393411B60005600398DEA /* LiteWaitTests.xctest */,
			);
			name = Products;
			sourceTree = "<group>";
		};
		6503932B1B60005600398DEA /* LiteWait */ = {
			isa = PBXGroup;
			children = (
				658167AA1B62A2BD00E67D14 /* WaitlistEntry.swift */,
				65A705701B617BE500406810 /* Waitlist.swift */,
				650393591B60384900398DEA /* EditEntryViewController.swift */,
				6503932E1B60005600398DEA /* AppDelegate.swift */,
				650393551B60094C00398DEA /* WaitlistViewController.swift */,
				650393351B60005600398DEA /* Main.storyboard */,
				65B9D7FC1B618D5F00F0F50E /* AddEntryViewController.swift */,
				650393571B600AC900398DEA /* WaitListTableViewCell.swift */,
				650393381B60005600398DEA /* Images.xcassets */,
				6503933A1B60005600398DEA /* LaunchScreen.xib */,
				650393301B60005600398DEA /* LiteWait.xcdatamodeld */,
				6503932C1B60005600398DEA /* Supporting Files */,
			);
			path = LiteWait;
			sourceTree = "<group>";
		};
		6503932C1B60005600398DEA /* Supporting Files */ = {
			isa = PBXGroup;
			children = (
				6503932D1B60005600398DEA /* Info.plist */,
			);
			name = "Supporting Files";
			sourceTree = "<group>";
		};
		650393441B60005600398DEA /* LiteWaitTests */ = {
			isa = PBXGroup;
			children = (
				650393471B60005600398DEA /* LiteWaitTests.swift */,
				650393451B60005600398DEA /* Supporting Files */,
			);
			path = LiteWaitTests;
			sourceTree = "<group>";
		};
		650393451B60005600398DEA /* Supporting Files */ = {
			isa = PBXGroup;
			children = (
				650393461B60005600398DEA /* Info.plist */,
			);
			name = "Supporting Files";
			sourceTree = "<group>";
		};
/* End PBXGroup section */

/* Begin PBXNativeTarget section */
		650393281B60005600398DEA /* LiteWait */ = {
			isa = PBXNativeTarget;
			buildConfigurationList = 6503934B1B60005600398DEA /* Build configuration list for PBXNativeTarget "LiteWait" */;
			buildPhases = (
				650393251B60005600398DEA /* Sources */,
				650393261B60005600398DEA /* Frameworks */,
				650393271B60005600398DEA /* Resources */,
			);
			buildRules = (
			);
			dependencies = (
			);
			name = LiteWait;
			productName = LiteWait;
			productReference = 650393291B60005600398DEA /* LiteWait.app */;
			productType = "com.apple.product-type.application";
		};
		650393401B60005600398DEA /* LiteWaitTests */ = {
			isa = PBXNativeTarget;
			buildConfigurationList = 6503934E1B60005600398DEA /* Build configuration list for PBXNativeTarget "LiteWaitTests" */;
			buildPhases = (
				6503933D1B60005600398DEA /* Sources */,
				6503933E1B60005600398DEA /* Frameworks */,
				6503933F1B60005600398DEA /* Resources */,
			);
			buildRules = (
			);
			dependencies = (
				650393431B60005600398DEA /* PBXTargetDependency */,
			);
			name = LiteWaitTests;
			productName = LiteWaitTests;
			productReference = 650393411B60005600398DEA /* LiteWaitTests.xctest */;
			productType = "com.apple.product-type.bundle.unit-test";
		};
/* End PBXNativeTarget section */

/* Begin PBXProject section */
		650393211B60005600398DEA /* Project object */ = {
			isa = PBXProject;
			attributes = {
				LastSwiftMigration = 0720;
				LastSwiftUpdateCheck = 0720;
				LastUpgradeCheck = 0820;
				ORGANIZATIONNAME = mhat;
				TargetAttributes = {
					650393281B60005600398DEA = {
						CreatedOnToolsVersion = 6.2;
						DevelopmentTeam = 4TM9WJERT3;
						LastSwiftMigration = 0820;
					};
					650393401B60005600398DEA = {
						CreatedOnToolsVersion = 6.2;
						LastSwiftMigration = 0820;
						TestTargetID = 650393281B60005600398DEA;
					};
				};
			};
			buildConfigurationList = 650393241B60005600398DEA /* Build configuration list for PBXProject "LiteWait" */;
			compatibilityVersion = "Xcode 3.2";
			developmentRegion = English;
			hasScannedForEncodings = 0;
			knownRegions = (
				en,
				Base,
			);
			mainGroup = 650393201B60005600398DEA;
			productRefGroup = 6503932A1B60005600398DEA /* Products */;
			projectDirPath = "";
			projectRoot = "";
			targets = (
				650393281B60005600398DEA /* LiteWait */,
				650393401B60005600398DEA /* LiteWaitTests */,
			);
		};
/* End PBXProject section */

/* Begin PBXResourcesBuildPhase section */
		650393271B60005600398DEA /* Resources */ = {
			isa = PBXResourcesBuildPhase;
			buildActionMask = 2147483647;
			files = (
				650393371B60005600398DEA /* Main.storyboard in Resources */,
				6503933C1B60005600398DEA /* LaunchScreen.xib in Resources */,
				650393391B60005600398DEA /* Images.xcassets in Resources */,
			);
			runOnlyForDeploymentPostprocessing = 0;
		};
		6503933F1B60005600398DEA /* Resources */ = {
			isa = PBXResourcesBuildPhase;
			buildActionMask = 2147483647;
			files = (
			);
			runOnlyForDeploymentPostprocessing = 0;
		};
/* End PBXResourcesBuildPhase section */

/* Begin PBXSourcesBuildPhase section */
		650393251B60005600398DEA /* Sources */ = {
			isa = PBXSourcesBuildPhase;
			buildActionMask = 2147483647;
			files = (
				6503935A1B60384900398DEA /* EditEntryViewController.swift in Sources */,
				658167AB1B62A2BD00E67D14 /* WaitlistEntry.swift in Sources */,
				65B9D7FD1B618D5F00F0F50E /* AddEntryViewController.swift in Sources */,
				650393321B60005600398DEA /* LiteWait.xcdatamodeld in Sources */,
				650393561B60094C00398DEA /* WaitlistViewController.swift in Sources */,
				65A705711B617BE500406810 /* Waitlist.swift in Sources */,
				6503932F1B60005600398DEA /* AppDelegate.swift in Sources */,
				650393581B600AC900398DEA /* WaitListTableViewCell.swift in Sources */,
			);
			runOnlyForDeploymentPostprocessing = 0;
		};
		6503933D1B60005600398DEA /* Sources */ = {
			isa = PBXSourcesBuildPhase;
			buildActionMask = 2147483647;
			files = (
				650393481B60005600398DEA /* LiteWaitTests.swift in Sources */,
			);
			runOnlyForDeploymentPostprocessing = 0;
		};
/* End PBXSourcesBuildPhase section */

/* Begin PBXTargetDependency section */
		650393431B60005600398DEA /* PBXTargetDependency */ = {
			isa = PBXTargetDependency;
			target = 650393281B60005600398DEA /* LiteWait */;
			targetProxy = 650393421B60005600398DEA /* PBXContainerItemProxy */;
		};
/* End PBXTargetDependency section */

/* Begin PBXVariantGroup section */
		650393351B60005600398DEA /* Main.storyboard */ = {
			isa = PBXVariantGroup;
			children = (
				650393361B60005600398DEA /* Base */,
			);
			name = Main.storyboard;
			sourceTree = "<group>";
		};
		6503933A1B60005600398DEA /* LaunchScreen.xib */ = {
			isa = PBXVariantGroup;
			children = (
				6503933B1B60005600398DEA /* Base */,
			);
			name = LaunchScreen.xib;
			sourceTree = "<group>";
		};
/* End PBXVariantGroup section */

/* Begin XCBuildConfiguration section */
		650393491B60005600398DEA /* Debug */ = {
			isa = XCBuildConfiguration;
			buildSettings = {
				ALWAYS_SEARCH_USER_PATHS = NO;
				CLANG_CXX_LANGUAGE_STANDARD = "gnu++0x";
				CLANG_CXX_LIBRARY = "libc++";
				CLANG_ENABLE_MODULES = YES;
				CLANG_ENABLE_OBJC_ARC = YES;
				CLANG_WARN_BOOL_CONVERSION = YES;
				CLANG_WARN_CONSTANT_CONVERSION = YES;
				CLANG_WARN_DIRECT_OBJC_ISA_USAGE = YES_ERROR;
				CLANG_WARN_EMPTY_BODY = YES;
				CLANG_WARN_ENUM_CONVERSION = YES;
				CLANG_WARN_INFINITE_RECURSION = YES;
				CLANG_WARN_INT_CONVERSION = YES;
				CLANG_WARN_OBJC_ROOT_CLASS = YES_ERROR;
				CLANG_WARN_SUSPICIOUS_MOVE = YES;
				CLANG_WARN_UNREACHABLE_CODE = YES;
				CLANG_WARN__DUPLICATE_METHOD_MATCH = YES;
				CODE_SIGN_IDENTITY = "iPhone Developer";
				"CODE_SIGN_IDENTITY[sdk=iphoneos*]" = "iPhone Developer";
				COPY_PHASE_STRIP = NO;
				ENABLE_STRICT_OBJC_MSGSEND = YES;
				ENABLE_TESTABILITY = YES;
				GCC_C_LANGUAGE_STANDARD = gnu99;
				GCC_DYNAMIC_NO_PIC = NO;
				GCC_NO_COMMON_BLOCKS = YES;
				GCC_OPTIMIZATION_LEVEL = 0;
				GCC_PREPROCESSOR_DEFINITIONS = (
					"DEBUG=1",
					"$(inherited)",
				);
				GCC_SYMBOLS_PRIVATE_EXTERN = NO;
				GCC_WARN_64_TO_32_BIT_CONVERSION = YES;
				GCC_WARN_ABOUT_RETURN_TYPE = YES_ERROR;
				GCC_WARN_UNDECLARED_SELECTOR = YES;
				GCC_WARN_UNINITIALIZED_AUTOS = YES_AGGRESSIVE;
				GCC_WARN_UNUSED_FUNCTION = YES;
				GCC_WARN_UNUSED_VARIABLE = YES;
				IPHONEOS_DEPLOYMENT_TARGET = 10.2;
				MTL_ENABLE_DEBUG_INFO = YES;
				ONLY_ACTIVE_ARCH = YES;
				SDKROOT = iphoneos;
				SWIFT_OPTIMIZATION_LEVEL = "-Onone";
				TARGETED_DEVICE_FAMILY = 2;
			};
			name = Debug;
		};
		6503934A1B60005600398DEA /* Release */ = {
			isa = XCBuildConfiguration;
			buildSettings = {
				ALWAYS_SEARCH_USER_PATHS = NO;
				CLANG_CXX_LANGUAGE_STANDARD = "gnu++0x";
				CLANG_CXX_LIBRARY = "libc++";
				CLANG_ENABLE_MODULES = YES;
				CLANG_ENABLE_OBJC_ARC = YES;
				CLANG_WARN_BOOL_CONVERSION = YES;
				CLANG_WARN_CONSTANT_CONVERSION = YES;
				CLANG_WARN_DIRECT_OBJC_ISA_USAGE = YES_ERROR;
				CLANG_WARN_EMPTY_BODY = YES;
				CLANG_WARN_ENUM_CONVERSION = YES;
				CLANG_WARN_INFINITE_RECURSION = YES;
				CLANG_WARN_INT_CONVERSION = YES;
				CLANG_WARN_OBJC_ROOT_CLASS = YES_ERROR;
				CLANG_WARN_SUSPICIOUS_MOVE = YES;
				CLANG_WARN_UNREACHABLE_CODE = YES;
				CLANG_WARN__DUPLICATE_METHOD_MATCH = YES;
				CODE_SIGN_IDENTITY = "iPhone Distribution";
				"CODE_SIGN_IDENTITY[sdk=iphoneos*]" = "iPhone Distribution";
				COPY_PHASE_STRIP = NO;
				ENABLE_NS_ASSERTIONS = NO;
				ENABLE_STRICT_OBJC_MSGSEND = YES;
				GCC_C_LANGUAGE_STANDARD = gnu99;
				GCC_NO_COMMON_BLOCKS = YES;
				GCC_WARN_64_TO_32_BIT_CONVERSION = YES;
				GCC_WARN_ABOUT_RETURN_TYPE = YES_ERROR;
				GCC_WARN_UNDECLARED_SELECTOR = YES;
				GCC_WARN_UNINITIALIZED_AUTOS = YES_AGGRESSIVE;
				GCC_WARN_UNUSED_FUNCTION = YES;
				GCC_WARN_UNUSED_VARIABLE = YES;
				IPHONEOS_DEPLOYMENT_TARGET = 10.2;
				MTL_ENABLE_DEBUG_INFO = NO;
				SDKROOT = iphoneos;
				SWIFT_OPTIMIZATION_LEVEL = "-Owholemodule";
				TARGETED_DEVICE_FAMILY = 2;
				VALIDATE_PRODUCT = YES;
			};
			name = Release;
		};
		6503934C1B60005600398DEA /* Debug */ = {
			isa = XCBuildConfiguration;
			buildSettings = {
				ASSETCATALOG_COMPILER_APPICON_NAME = AppIcon;
				CODE_SIGN_IDENTITY = "iPhone Developer";
				"CODE_SIGN_IDENTITY[sdk=iphoneos*]" = "iPhone Developer";
				INFOPLIST_FILE = LiteWait/Info.plist;
				IPHONEOS_DEPLOYMENT_TARGET = 8.1;
				LD_RUNPATH_SEARCH_PATHS = "$(inherited) @executable_path/Frameworks";
				PRODUCT_BUNDLE_IDENTIFIER = "com.litewait.$(PRODUCT_NAME:rfc1034identifier)";
				PRODUCT_NAME = "$(TARGET_NAME)";
				PROVISIONING_PROFILE = "";
				SWIFT_VERSION = 3.0;
			};
			name = Debug;
		};
		6503934D1B60005600398DEA /* Release */ = {
			isa = XCBuildConfiguration;
			buildSettings = {
				ASSETCATALOG_COMPILER_APPICON_NAME = AppIcon;
				CODE_SIGN_IDENTITY = "iPhone Developer";
				"CODE_SIGN_IDENTITY[sdk=iphoneos*]" = "iPhone Developer";
				INFOPLIST_FILE = LiteWait/Info.plist;
				IPHONEOS_DEPLOYMENT_TARGET = 8.1;
				LD_RUNPATH_SEARCH_PATHS = "$(inherited) @executable_path/Frameworks";
				PRODUCT_BUNDLE_IDENTIFIER = "com.litewait.$(PRODUCT_NAME:rfc1034identifier)";
				PRODUCT_NAME = "$(TARGET_NAME)";
				PROVISIONING_PROFILE = "";
				SWIFT_VERSION = 3.0;
			};
			name = Release;
		};
		6503934F1B60005600398DEA /* Debug */ = {
			isa = XCBuildConfiguration;
			buildSettings = {
				BUNDLE_LOADER = "$(TEST_HOST)";
				FRAMEWORK_SEARCH_PATHS = (
					"$(SDKROOT)/Developer/Library/Frameworks",
					"$(inherited)",
				);
				GCC_PREPROCESSOR_DEFINITIONS = (
					"DEBUG=1",
					"$(inherited)",
				);
				INFOPLIST_FILE = LiteWaitTests/Info.plist;
				LD_RUNPATH_SEARCH_PATHS = "$(inherited) @executable_path/Frameworks @loader_path/Frameworks";
				PRODUCT_BUNDLE_IDENTIFIER = "com.litewait.$(PRODUCT_NAME:rfc1034identifier)";
				PRODUCT_NAME = "$(TARGET_NAME)";
				SWIFT_VERSION = 3.0;
				TEST_HOST = "$(BUILT_PRODUCTS_DIR)/LiteWait.app/LiteWait";
			};
			name = Debug;
		};
		650393501B60005600398DEA /* Release */ = {
			isa = XCBuildConfiguration;
			buildSettings = {
				BUNDLE_LOADER = "$(TEST_HOST)";
				FRAMEWORK_SEARCH_PATHS = (
					"$(SDKROOT)/Developer/Library/Frameworks",
					"$(inherited)",
				);
				INFOPLIST_FILE = LiteWaitTests/Info.plist;
				LD_RUNPATH_SEARCH_PATHS = "$(inherited) @executable_path/Frameworks @loader_path/Frameworks";
				PRODUCT_BUNDLE_IDENTIFIER = "com.litewait.$(PRODUCT_NAME:rfc1034identifier)";
				PRODUCT_NAME = "$(TARGET_NAME)";
				SWIFT_VERSION = 3.0;
				TEST_HOST = "$(BUILT_PRODUCTS_DIR)/LiteWait.app/LiteWait";
			};
			name = Release;
		};
/* End XCBuildConfiguration section */

/* Begin XCConfigurationList section */
		650393241B60005600398DEA /* Build configuration list for PBXProject "LiteWait" */ = {
			isa = XCConfigurationList;
			buildConfigurations = (
				650393491B60005600398DEA /* Debug */,
				6503934A1B60005600398DEA /* Release */,
			);
			defaultConfigurationIsVisible = 0;
			defaultConfigurationName = Release;
		};
		6503934B1B60005600398DEA /* Build configuration list for PBXNativeTarget "LiteWait" */ = {
			isa = XCConfigurationList;
			buildConfigurations = (
				6503934C1B60005600398DEA /* Debug */,
				6503934D1B60005600398DEA /* Release */,
			);
			defaultConfigurationIsVisible = 0;
			defaultConfigurationName = Release;
		};
		6503934E1B60005600398DEA /* Build configuration list for PBXNativeTarget "LiteWaitTests" */ = {
			isa = XCConfigurationList;
			buildConfigurations = (
				6503934F1B60005600398DEA /* Debug */,
				650393501B60005600398DEA /* Release */,
			);
			defaultConfigurationIsVisible = 0;
			defaultConfigurationName = Release;
		};
/* End XCConfigurationList section */

/* Begin XCVersionGroup section */
		650393301B60005600398DEA /* LiteWait.xcdatamodeld */ = {
			isa = XCVersionGroup;
			children = (
				650393311B60005600398DEA /* LiteWait.xcdatamodel */,
			);
			currentVersion = 650393311B60005600398DEA /* LiteWait.xcdatamodel */;
			path = LiteWait.xcdatamodeld;
			sourceTree = "<group>";
			versionGroupType = wrapper.xcdatamodel;
		};
/* End XCVersionGroup section */
	};
	rootObject = 650393211B60005600398DEA /* Project object */;
}
